
Microsoft Visual Studio Solution File, Format Version 12.00
# Visual Studio 14
VisualStudioVersion = 14.0.24720.0
MinimumVisualStudioVersion = 10.0.40219.1
Project("{00D1A9C2-B5F0-4AF3-8072-F6C62B433612}") = "AutoPartsDB", "AutoPartsDB\AutoPartsDB.sqlproj", "{5D1DAEB6-6F93-4F91-877F-A9F30F86D30A}"
EndProject
Project("{FAE04EC0-301F-11D3-BF4B-00C04F79EFBC}") = "AutoPartsImport", "AutoPartsImport\AutoPartsImport.csproj", "{BC06CF7B-4AE3-41C0-9AE5-F7E97CBCA140}"
EndProject
Project("{FAE04EC0-301F-11D3-BF4B-00C04F79EFBC}") = "AutoPartsSite", "AutoPartsSite\AutoPartsSite.csproj", "{E8D7BF12-7D41-4CA8-BAEF-46D7A3F9EE1C}"
EndProject
Project("{FAE04EC0-301F-11D3-BF4B-00C04F79EFBC}") = "AutoPartsWebSite", "AutoPartsWebSite\AutoPartsWebSite.csproj", "{E3813F09-4426-43C6-92D7-45D0FBA3C83F}"
EndProject
Global
	GlobalSection(SolutionConfigurationPlatforms) = preSolution
		Debug|Any CPU = Debug|Any CPU
		Release|Any CPU = Release|Any CPU
	EndGlobalSection
	GlobalSection(ProjectConfigurationPlatforms) = postSolution
		{5D1DAEB6-6F93-4F91-877F-A9F30F86D30A}.Debug|Any CPU.ActiveCfg = Debug|Any CPU
		{5D1DAEB6-6F93-4F91-877F-A9F30F86D30A}.Debug|Any CPU.Build.0 = Debug|Any CPU
		{5D1DAEB6-6F93-4F91-877F-A9F30F86D30A}.Debug|Any CPU.Deploy.0 = Debug|Any CPU
		{5D1DAEB6-6F93-4F91-877F-A9F30F86D30A}.Release|Any CPU.ActiveCfg = Release|Any CPU
		{5D1DAEB6-6F93-4F91-877F-A9F30F86D30A}.Release|Any CPU.Build.0 = Release|Any CPU
		{5D1DAEB6-6F93-4F91-877F-A9F30F86D30A}.Release|Any CPU.Deploy.0 = Release|Any CPU
		{BC06CF7B-4AE3-41C0-9AE5-F7E97CBCA140}.Debug|Any CPU.ActiveCfg = Debug|Any CPU
		{BC06CF7B-4AE3-41C0-9AE5-F7E97CBCA140}.Debug|Any CPU.Build.0 = Debug|Any CPU
		{BC06CF7B-4AE3-41C0-9AE5-F7E97CBCA140}.Release|Any CPU.ActiveCfg = Release|Any CPU
		{BC06CF7B-4AE3-41C0-9AE5-F7E97CBCA140}.Release|Any CPU.Build.0 = Release|Any CPU
		{E8D7BF12-7D41-4CA8-BAEF-46D7A3F9EE1C}.Debug|Any CPU.ActiveCfg = Debug|Any CPU
		{E8D7BF12-7D41-4CA8-BAEF-46D7A3F9EE1C}.Debug|Any CPU.Build.0 = Debug|Any CPU
		{E8D7BF12-7D41-4CA8-BAEF-46D7A3F9EE1C}.Release|Any CPU.ActiveCfg = Release|Any CPU
		{E8D7BF12-7D41-4CA8-BAEF-46D7A3F9EE1C}.Release|Any CPU.Build.0 = Release|Any CPU
		{E3813F09-4426-43C6-92D7-45D0FBA3C83F}.Debug|Any CPU.ActiveCfg = Debug|Any CPU
		{E3813F09-4426-43C6-92D7-45D0FBA3C83F}.Debug|Any CPU.Build.0 = Debug|Any CPU
		{E3813F09-4426-43C6-92D7-45D0FBA3C83F}.Release|Any CPU.ActiveCfg = Release|Any CPU
		{E3813F09-4426-43C6-92D7-45D0FBA3C83F}.Release|Any CPU.Build.0 = Release|Any CPU
	EndGlobalSection
	GlobalSection(SolutionProperties) = preSolution
		HideSolutionNode = FALSE
	EndGlobalSection
EndGlobal
